
Microsoft Visual Studio Solution File, Format Version 12.00
# Visual Studio Version 16
VisualStudioVersion = 16.0.31729.503
MinimumVisualStudioVersion = 10.0.40219.1
Project("{FAE04EC0-301F-11D3-BF4B-00C04F79EFBC}") = "GeometryLibrary", "GeometryLibrary.csproj", "{66C28AF2-6AB5-482E-A1CF-71D1B3995456}"
EndProject
Project("{FAE04EC0-301F-11D3-BF4B-00C04F79EFBC}") = "FigureTests", "..\FigureTests\FigureTests.csproj", "{978F03F6-615C-4E0B-8D46-4A42DEE61532}"
EndProject
Global
	GlobalSection(SolutionConfigurationPlatforms) = preSolution
		Debug|Any CPU = Debug|Any CPU
		Release|Any CPU = Release|Any CPU
	EndGlobalSection
	GlobalSection(ProjectConfigurationPlatforms) = postSolution
		{66C28AF2-6AB5-482E-A1CF-71D1B3995456}.Debug|Any CPU.ActiveCfg = Debug|Any CPU
		{66C28AF2-6AB5-482E-A1CF-71D1B3995456}.Debug|Any CPU.Build.0 = Debug|Any CPU
		{66C28AF2-6AB5-482E-A1CF-71D1B3995456}.Release|Any CPU.ActiveCfg = Release|Any CPU
		{66C28AF2-6AB5-482E-A1CF-71D1B3995456}.Release|Any CPU.Build.0 = Release|Any CPU
		{978F03F6-615C-4E0B-8D46-4A42DEE61532}.Debug|Any CPU.ActiveCfg = Debug|Any CPU
		{978F03F6-615C-4E0B-8D46-4A42DEE61532}.Debug|Any CPU.Build.0 = Debug|Any CPU
		{978F03F6-615C-4E0B-8D46-4A42DEE61532}.Release|Any CPU.ActiveCfg = Release|Any CPU
		{978F03F6-615C-4E0B-8D46-4A42DEE61532}.Release|Any CPU.Build.0 = Release|Any CPU
	EndGlobalSection
	GlobalSection(SolutionProperties) = preSolution
		HideSolutionNode = FALSE
	EndGlobalSection
	GlobalSection(ExtensibilityGlobals) = postSolution
		SolutionGuid = {246B207F-74BA-4E75-8439-6832B3802849}
	EndGlobalSection
EndGlobal
